
Microsoft Visual Studio Solution File, Format Version 12.00
# Visual Studio 14
VisualStudioVersion = 14.0.25420.1
MinimumVisualStudioVersion = 10.0.40219.1
Project("{FAE04EC0-301F-11D3-BF4B-00C04F79EFBC}") = "MyAssistant", "MyAssistant\MyAssistant\MyAssistant.csproj", "{95DA9446-8109-4EE8-998E-E43D88CA66D3}"
EndProject
Project("{FAE04EC0-301F-11D3-BF4B-00C04F79EFBC}") = "MyAssistant.Droid", "MyAssistant\MyAssistant.Droid\MyAssistant.Droid.csproj", "{1D7FF839-5B4C-495B-9B63-0220A2074480}"
EndProject
Project("{FAE04EC0-301F-11D3-BF4B-00C04F79EFBC}") = "MyAssistant.iOS", "MyAssistant\MyAssistant.iOS\MyAssistant.iOS.csproj", "{8D463425-BE74-487A-B9F6-F89B797EF44D}"
EndProject
Project("{FAE04EC0-301F-11D3-BF4B-00C04F79EFBC}") = "MyAssistant.WinPhone", "MyAssistant\MyAssistant.WinPhone\MyAssistant.WinPhone.csproj", "{C128FE8B-6B7A-419D-A76A-86D8CA87C1B9}"
EndProject
Project("{FAE04EC0-301F-11D3-BF4B-00C04F79EFBC}") = "MyAssistant.Windows", "MyAssistant\MyAssistant.Windows\MyAssistant.Windows.csproj", "{AFA99B90-4DE5-41E9-A9C9-B5FBBA913494}"
EndProject
Global
	GlobalSection(SolutionConfigurationPlatforms) = preSolution
		Ad-Hoc|Any CPU = Ad-Hoc|Any CPU
		Ad-Hoc|ARM = Ad-Hoc|ARM
		Ad-Hoc|iPhone = Ad-Hoc|iPhone
		Ad-Hoc|iPhoneSimulator = Ad-Hoc|iPhoneSimulator
		Ad-Hoc|x64 = Ad-Hoc|x64
		Ad-Hoc|x86 = Ad-Hoc|x86
		AppStore|Any CPU = AppStore|Any CPU
		AppStore|ARM = AppStore|ARM
		AppStore|iPhone = AppStore|iPhone
		AppStore|iPhoneSimulator = AppStore|iPhoneSimulator
		AppStore|x64 = AppStore|x64
		AppStore|x86 = AppStore|x86
		Debug|Any CPU = Debug|Any CPU
		Debug|ARM = Debug|ARM
		Debug|iPhone = Debug|iPhone
		Debug|iPhoneSimulator = Debug|iPhoneSimulator
		Debug|x64 = Debug|x64
		Debug|x86 = Debug|x86
		Release|Any CPU = Release|Any CPU
		Release|ARM = Release|ARM
		Release|iPhone = Release|iPhone
		Release|iPhoneSimulator = Release|iPhoneSimulator
		Release|x64 = Release|x64
		Release|x86 = Release|x86
	EndGlobalSection
	GlobalSection(ProjectConfigurationPlatforms) = postSolution
		{95DA9446-8109-4EE8-998E-E43D88CA66D3}.Ad-Hoc|Any CPU.ActiveCfg = Release|Any CPU
		{95DA9446-8109-4EE8-998E-E43D88CA66D3}.Ad-Hoc|Any CPU.Build.0 = Release|Any CPU
		{95DA9446-8109-4EE8-998E-E43D88CA66D3}.Ad-Hoc|ARM.ActiveCfg = Release|Any CPU
		{95DA9446-8109-4EE8-998E-E43D88CA66D3}.Ad-Hoc|ARM.Build.0 = Release|Any CPU
		{95DA9446-8109-4EE8-998E-E43D88CA66D3}.Ad-Hoc|iPhone.ActiveCfg = Release|Any CPU
		{95DA9446-8109-4EE8-998E-E43D88CA66D3}.Ad-Hoc|iPhone.Build.0 = Release|Any CPU
		{95DA9446-8109-4EE8-998E-E43D88CA66D3}.Ad-Hoc|iPhoneSimulator.ActiveCfg = Release|Any CPU
		{95DA9446-8109-4EE8-998E-E43D88CA66D3}.Ad-Hoc|iPhoneSimulator.Build.0 = Release|Any CPU
		{95DA9446-8109-4EE8-998E-E43D88CA66D3}.Ad-Hoc|x64.ActiveCfg = Release|Any CPU
		{95DA9446-8109-4EE8-998E-E43D88CA66D3}.Ad-Hoc|x64.Build.0 = Release|Any CPU
		{95DA9446-8109-4EE8-998E-E43D88CA66D3}.Ad-Hoc|x86.ActiveCfg = Release|Any CPU
		{95DA9446-8109-4EE8-998E-E43D88CA66D3}.Ad-Hoc|x86.Build.0 = Release|Any CPU
		{95DA9446-8109-4EE8-998E-E43D88CA66D3}.AppStore|Any CPU.ActiveCfg = Release|Any CPU
		{95DA9446-8109-4EE8-998E-E43D88CA66D3}.AppStore|Any CPU.Build.0 = Release|Any CPU
		{95DA9446-8109-4EE8-998E-E43D88CA66D3}.AppStore|ARM.ActiveCfg = Release|Any CPU
		{95DA9446-8109-4EE8-998E-E43D88CA66D3}.AppStore|ARM.Build.0 = Release|Any CPU
		{95DA9446-8109-4EE8-998E-E43D88CA66D3}.AppStore|iPhone.ActiveCfg = Release|Any CPU
		{95DA9446-8109-4EE8-998E-E43D88CA66D3}.AppStore|iPhone.Build.0 = Release|Any CPU
		{95DA9446-8109-4EE8-998E-E43D88CA66D3}.AppStore|iPhoneSimulator.ActiveCfg = Release|Any CPU
		{95DA9446-8109-4EE8-998E-E43D88CA66D3}.AppStore|iPhoneSimulator.Build.0 = Release|Any CPU
		{95DA9446-8109-4EE8-998E-E43D88CA66D3}.AppStore|x64.ActiveCfg = Release|Any CPU
		{95DA9446-8109-4EE8-998E-E43D88CA66D3}.AppStore|x64.Build.0 = Release|Any CPU
		{95DA9446-8109-4EE8-998E-E43D88CA66D3}.AppStore|x86.ActiveCfg = Release|Any CPU
		{95DA9446-8109-4EE8-998E-E43D88CA66D3}.AppStore|x86.Build.0 = Release|Any CPU
		{95DA9446-8109-4EE8-998E-E43D88CA66D3}.Debug|Any CPU.ActiveCfg = Debug|Any CPU
		{95DA9446-8109-4EE8-998E-E43D88CA66D3}.Debug|Any CPU.Build.0 = Debug|Any CPU
		{95DA9446-8109-4EE8-998E-E43D88CA66D3}.Debug|ARM.ActiveCfg = Debug|Any CPU
		{95DA9446-8109-4EE8-998E-E43D88CA66D3}.Debug|ARM.Build.0 = Debug|Any CPU
		{95DA9446-8109-4EE8-998E-E43D88CA66D3}.Debug|iPhone.ActiveCfg = Debug|Any CPU
		{95DA9446-8109-4EE8-998E-E43D88CA66D3}.Debug|iPhone.Build.0 = Debug|Any CPU
		{95DA9446-8109-4EE8-998E-E43D88CA66D3}.Debug|iPhoneSimulator.ActiveCfg = Debug|Any CPU
		{95DA9446-8109-4EE8-998E-E43D88CA66D3}.Debug|iPhoneSimulator.Build.0 = Debug|Any CPU
		{95DA9446-8109-4EE8-998E-E43D88CA66D3}.Debug|x64.ActiveCfg = Debug|Any CPU
		{95DA9446-8109-4EE8-998E-E43D88CA66D3}.Debug|x64.Build.0 = Debug|Any CPU
		{95DA9446-8109-4EE8-998E-E43D88CA66D3}.Debug|x86.ActiveCfg = Debug|Any CPU
		{95DA9446-8109-4EE8-998E-E43D88CA66D3}.Debug|x86.Build.0 = Debug|Any CPU
		{95DA9446-8109-4EE8-998E-E43D88CA66D3}.Release|Any CPU.ActiveCfg = Release|Any CPU
		{95DA9446-8109-4EE8-998E-E43D88CA66D3}.Release|Any CPU.Build.0 = Release|Any CPU
		{95DA9446-8109-4EE8-998E-E43D88CA66D3}.Release|ARM.ActiveCfg = Release|Any CPU
		{95DA9446-8109-4EE8-998E-E43D88CA66D3}.Release|ARM.Build.0 = Release|Any CPU
		{95DA9446-8109-4EE8-998E-E43D88CA66D3}.Release|iPhone.ActiveCfg = Release|Any CPU
		{95DA9446-8109-4EE8-998E-E43D88CA66D3}.Release|iPhone.Build.0 = Release|Any CPU
		{95DA9446-8109-4EE8-998E-E43D88CA66D3}.Release|iPhoneSimulator.ActiveCfg = Release|Any CPU
		{95DA9446-8109-4EE8-998E-E43D88CA66D3}.Release|iPhoneSimulator.Build.0 = Release|Any CPU
		{95DA9446-8109-4EE8-998E-E43D88CA66D3}.Release|x64.ActiveCfg = Release|Any CPU
		{95DA9446-8109-4EE8-998E-E43D88CA66D3}.Release|x64.Build.0 = Release|Any CPU
		{95DA9446-8109-4EE8-998E-E43D88CA66D3}.Release|x86.ActiveCfg = Release|Any CPU
		{95DA9446-8109-4EE8-998E-E43D88CA66D3}.Release|x86.Build.0 = Release|Any CPU
		{1D7FF839-5B4C-495B-9B63-0220A2074480}.Ad-Hoc|Any CPU.ActiveCfg = Release|Any CPU
		{1D7FF839-5B4C-495B-9B63-0220A2074480}.Ad-Hoc|Any CPU.Build.0 = Release|Any CPU
		{1D7FF839-5B4C-495B-9B63-0220A2074480}.Ad-Hoc|Any CPU.Deploy.0 = Release|Any CPU
		{1D7FF839-5B4C-495B-9B63-0220A2074480}.Ad-Hoc|ARM.ActiveCfg = Release|Any CPU
		{1D7FF839-5B4C-495B-9B63-0220A2074480}.Ad-Hoc|ARM.Build.0 = Release|Any CPU
		{1D7FF839-5B4C-495B-9B63-0220A2074480}.Ad-Hoc|ARM.Deploy.0 = Release|Any CPU
		{1D7FF839-5B4C-495B-9B63-0220A2074480}.Ad-Hoc|iPhone.ActiveCfg = Release|Any CPU
		{1D7FF839-5B4C-495B-9B63-0220A2074480}.Ad-Hoc|iPhone.Build.0 = Release|Any CPU
		{1D7FF839-5B4C-495B-9B63-0220A2074480}.Ad-Hoc|iPhone.Deploy.0 = Release|Any CPU
		{1D7FF839-5B4C-495B-9B63-0220A2074480}.Ad-Hoc|iPhoneSimulator.ActiveCfg = Release|Any CPU
		{1D7FF839-5B4C-495B-9B63-0220A2074480}.Ad-Hoc|iPhoneSimulator.Build.0 = Release|Any CPU
		{1D7FF839-5B4C-495B-9B63-0220A2074480}.Ad-Hoc|iPhoneSimulator.Deploy.0 = Release|Any CPU
		{1D7FF839-5B4C-495B-9B63-0220A2074480}.Ad-Hoc|x64.ActiveCfg = Release|Any CPU
		{1D7FF839-5B4C-495B-9B63-0220A2074480}.Ad-Hoc|x64.Build.0 = Release|Any CPU
		{1D7FF839-5B4C-495B-9B63-0220A2074480}.Ad-Hoc|x64.Deploy.0 = Release|Any CPU
		{1D7FF839-5B4C-495B-9B63-0220A2074480}.Ad-Hoc|x86.ActiveCfg = Release|Any CPU
		{1D7FF839-5B4C-495B-9B63-0220A2074480}.Ad-Hoc|x86.Build.0 = Release|Any CPU
		{1D7FF839-5B4C-495B-9B63-0220A2074480}.Ad-Hoc|x86.Deploy.0 = Release|Any CPU
		{1D7FF839-5B4C-495B-9B63-0220A2074480}.AppStore|Any CPU.ActiveCfg = Release|Any CPU
		{1D7FF839-5B4C-495B-9B63-0220A2074480}.AppStore|Any CPU.Build.0 = Release|Any CPU
		{1D7FF839-5B4C-495B-9B63-0220A2074480}.AppStore|Any CPU.Deploy.0 = Release|Any CPU
		{1D7FF839-5B4C-495B-9B63-0220A2074480}.AppStore|ARM.ActiveCfg = Release|Any CPU
		{1D7FF839-5B4C-495B-9B63-0220A2074480}.AppStore|ARM.Build.0 = Release|Any CPU
		{1D7FF839-5B4C-495B-9B63-0220A2074480}.AppStore|ARM.Deploy.0 = Release|Any CPU
		{1D7FF839-5B4C-495B-9B63-0220A2074480}.AppStore|iPhone.ActiveCfg = Release|Any CPU
		{1D7FF839-5B4C-495B-9B63-0220A2074480}.AppStore|iPhone.Build.0 = Release|Any CPU
		{1D7FF839-5B4C-495B-9B63-0220A2074480}.AppStore|iPhone.Deploy.0 = Release|Any CPU
		{1D7FF839-5B4C-495B-9B63-0220A2074480}.AppStore|iPhoneSimulator.ActiveCfg = Release|Any CPU
		{1D7FF839-5B4C-495B-9B63-0220A2074480}.AppStore|iPhoneSimulator.Build.0 = Release|Any CPU
		{1D7FF839-5B4C-495B-9B63-0220A2074480}.AppStore|iPhoneSimulator.Deploy.0 = Release|Any CPU
		{1D7FF839-5B4C-495B-9B63-0220A2074480}.AppStore|x64.ActiveCfg = Release|Any CPU
		{1D7FF839-5B4C-495B-9B63-0220A2074480}.AppStore|x64.Build.0 = Release|Any CPU
		{1D7FF839-5B4C-495B-9B63-0220A2074480}.AppStore|x64.Deploy.0 = Release|Any CPU
		{1D7FF839-5B4C-495B-9B63-0220A2074480}.AppStore|x86.ActiveCfg = Release|Any CPU
		{1D7FF839-5B4C-495B-9B63-0220A2074480}.AppStore|x86.Build.0 = Release|Any CPU
		{1D7FF839-5B4C-495B-9B63-0220A2074480}.AppStore|x86.Deploy.0 = Release|Any CPU
		{1D7FF839-5B4C-495B-9B63-0220A2074480}.Debug|Any CPU.ActiveCfg = Debug|Any CPU
		{1D7FF839-5B4C-495B-9B63-0220A2074480}.Debug|Any CPU.Build.0 = Debug|Any CPU
		{1D7FF839-5B4C-495B-9B63-0220A2074480}.Debug|Any CPU.Deploy.0 = Debug|Any CPU
		{1D7FF839-5B4C-495B-9B63-0220A2074480}.Debug|ARM.ActiveCfg = Debug|Any CPU
		{1D7FF839-5B4C-495B-9B63-0220A2074480}.Debug|ARM.Build.0 = Debug|Any CPU
		{1D7FF839-5B4C-495B-9B63-0220A2074480}.Debug|ARM.Deploy.0 = Debug|Any CPU
		{1D7FF839-5B4C-495B-9B63-0220A2074480}.Debug|iPhone.ActiveCfg = Debug|Any CPU
		{1D7FF839-5B4C-495B-9B63-0220A2074480}.Debug|iPhone.Build.0 = Debug|Any CPU
		{1D7FF839-5B4C-495B-9B63-0220A2074480}.Debug|iPhone.Deploy.0 = Debug|Any CPU
		{1D7FF839-5B4C-495B-9B63-0220A2074480}.Debug|iPhoneSimulator.ActiveCfg = Debug|Any CPU
		{1D7FF839-5B4C-495B-9B63-0220A2074480}.Debug|iPhoneSimulator.Build.0 = Debug|Any CPU
		{1D7FF839-5B4C-495B-9B63-0220A2074480}.Debug|iPhoneSimulator.Deploy.0 = Debug|Any CPU
		{1D7FF839-5B4C-495B-9B63-0220A2074480}.Debug|x64.ActiveCfg = Debug|Any CPU
		{1D7FF839-5B4C-495B-9B63-0220A2074480}.Debug|x64.Build.0 = Debug|Any CPU
		{1D7FF839-5B4C-495B-9B63-0220A2074480}.Debug|x64.Deploy.0 = Debug|Any CPU
		{1D7FF839-5B4C-495B-9B63-0220A2074480}.Debug|x86.ActiveCfg = Debug|Any CPU
		{1D7FF839-5B4C-495B-9B63-0220A2074480}.Debug|x86.Build.0 = Debug|Any CPU
		{1D7FF839-5B4C-495B-9B63-0220A2074480}.Debug|x86.Deploy.0 = Debug|Any CPU
		{1D7FF839-5B4C-495B-9B63-0220A2074480}.Release|Any CPU.ActiveCfg = Release|Any CPU
		{1D7FF839-5B4C-495B-9B63-0220A2074480}.Release|Any CPU.Build.0 = Release|Any CPU
		{1D7FF839-5B4C-495B-9B63-0220A2074480}.Release|Any CPU.Deploy.0 = Release|Any CPU
		{1D7FF839-5B4C-495B-9B63-0220A2074480}.Release|ARM.ActiveCfg = Release|Any CPU
		{1D7FF839-5B4C-495B-9B63-0220A2074480}.Release|ARM.Build.0 = Release|Any CPU
		{1D7FF839-5B4C-495B-9B63-0220A2074480}.Release|ARM.Deploy.0 = Release|Any CPU
		{1D7FF839-5B4C-495B-9B63-0220A2074480}.Release|iPhone.ActiveCfg = Release|Any CPU
		{1D7FF839-5B4C-495B-9B63-0220A2074480}.Release|iPhone.Build.0 = Release|Any CPU
		{1D7FF839-5B4C-495B-9B63-0220A2074480}.Release|iPhone.Deploy.0 = Release|Any CPU
		{1D7FF839-5B4C-495B-9B63-0220A2074480}.Release|iPhoneSimulator.ActiveCfg = Release|Any CPU
		{1D7FF839-5B4C-495B-9B63-0220A2074480}.Release|iPhoneSimulator.Build.0 = Release|Any CPU
		{1D7FF839-5B4C-495B-9B63-0220A2074480}.Release|iPhoneSimulator.Deploy.0 = Release|Any CPU
		{1D7FF839-5B4C-495B-9B63-0220A2074480}.Release|x64.ActiveCfg = Release|Any CPU
		{1D7FF839-5B4C-495B-9B63-0220A2074480}.Release|x64.Build.0 = Release|Any CPU
		{1D7FF839-5B4C-495B-9B63-0220A2074480}.Release|x64.Deploy.0 = Release|Any CPU
		{1D7FF839-5B4C-495B-9B63-0220A2074480}.Release|x86.ActiveCfg = Release|Any CPU
		{1D7FF839-5B4C-495B-9B63-0220A2074480}.Release|x86.Build.0 = Release|Any CPU
		{1D7FF839-5B4C-495B-9B63-0220A2074480}.Release|x86.Deploy.0 = Release|Any CPU
		{8D463425-BE74-487A-B9F6-F89B797EF44D}.Ad-Hoc|Any CPU.ActiveCfg = Ad-Hoc|iPhone
		{8D463425-BE74-487A-B9F6-F89B797EF44D}.Ad-Hoc|ARM.ActiveCfg = Ad-Hoc|iPhone
		{8D463425-BE74-487A-B9F6-F89B797EF44D}.Ad-Hoc|iPhone.ActiveCfg = Ad-Hoc|iPhone
		{8D463425-BE74-487A-B9F6-F89B797EF44D}.Ad-Hoc|iPhone.Build.0 = Ad-Hoc|iPhone
		{8D463425-BE74-487A-B9F6-F89B797EF44D}.Ad-Hoc|iPhoneSimulator.ActiveCfg = Ad-Hoc|iPhoneSimulator
		{8D463425-BE74-487A-B9F6-F89B797EF44D}.Ad-Hoc|iPhoneSimulator.Build.0 = Ad-Hoc|iPhoneSimulator
		{8D463425-BE74-487A-B9F6-F89B797EF44D}.Ad-Hoc|x64.ActiveCfg = Ad-Hoc|iPhone
		{8D463425-BE74-487A-B9F6-F89B797EF44D}.Ad-Hoc|x86.ActiveCfg = Ad-Hoc|iPhone
		{8D463425-BE74-487A-B9F6-F89B797EF44D}.AppStore|Any CPU.ActiveCfg = AppStore|iPhone
		{8D463425-BE74-487A-B9F6-F89B797EF44D}.AppStore|ARM.ActiveCfg = AppStore|iPhone
		{8D463425-BE74-487A-B9F6-F89B797EF44D}.AppStore|iPhone.ActiveCfg = AppStore|iPhone
		{8D463425-BE74-487A-B9F6-F89B797EF44D}.AppStore|iPhone.Build.0 = AppStore|iPhone
		{8D463425-BE74-487A-B9F6-F89B797EF44D}.AppStore|iPhoneSimulator.ActiveCfg = AppStore|iPhoneSimulator
		{8D463425-BE74-487A-B9F6-F89B797EF44D}.AppStore|iPhoneSimulator.Build.0 = AppStore|iPhoneSimulator
		{8D463425-BE74-487A-B9F6-F89B797EF44D}.AppStore|x64.ActiveCfg = AppStore|iPhone
		{8D463425-BE74-487A-B9F6-F89B797EF44D}.AppStore|x86.ActiveCfg = AppStore|iPhone
		{8D463425-BE74-487A-B9F6-F89B797EF44D}.Debug|Any CPU.ActiveCfg = Debug|iPhone
		{8D463425-BE74-487A-B9F6-F89B797EF44D}.Debug|ARM.ActiveCfg = Debug|iPhone
		{8D463425-BE74-487A-B9F6-F89B797EF44D}.Debug|iPhone.ActiveCfg = Debug|iPhone
		{8D463425-BE74-487A-B9F6-F89B797EF44D}.Debug|iPhone.Build.0 = Debug|iPhone
		{8D463425-BE74-487A-B9F6-F89B797EF44D}.Debug|iPhoneSimulator.ActiveCfg = Debug|iPhoneSimulator
		{8D463425-BE74-487A-B9F6-F89B797EF44D}.Debug|iPhoneSimulator.Build.0 = Debug|iPhoneSimulator
		{8D463425-BE74-487A-B9F6-F89B797EF44D}.Debug|x64.ActiveCfg = Debug|iPhone
		{8D463425-BE74-487A-B9F6-F89B797EF44D}.Debug|x86.ActiveCfg = Debug|iPhone
		{8D463425-BE74-487A-B9F6-F89B797EF44D}.Release|Any CPU.ActiveCfg = Release|iPhone
		{8D463425-BE74-487A-B9F6-F89B797EF44D}.Release|ARM.ActiveCfg = Release|iPhone
		{8D463425-BE74-487A-B9F6-F89B797EF44D}.Release|iPhone.ActiveCfg = Release|iPhone
		{8D463425-BE74-487A-B9F6-F89B797EF44D}.Release|iPhone.Build.0 = Release|iPhone
		{8D463425-BE74-487A-B9F6-F89B797EF44D}.Release|iPhoneSimulator.ActiveCfg = Release|iPhoneSimulator
		{8D463425-BE74-487A-B9F6-F89B797EF44D}.Release|iPhoneSimulator.Build.0 = Release|iPhoneSimulator
		{8D463425-BE74-487A-B9F6-F89B797EF44D}.Release|x64.ActiveCfg = Release|iPhone
		{8D463425-BE74-487A-B9F6-F89B797EF44D}.Release|x86.ActiveCfg = Release|iPhone
		{C128FE8B-6B7A-419D-A76A-86D8CA87C1B9}.Ad-Hoc|Any CPU.ActiveCfg = Release|Any CPU
		{C128FE8B-6B7A-419D-A76A-86D8CA87C1B9}.Ad-Hoc|Any CPU.Build.0 = Release|Any CPU
		{C128FE8B-6B7A-419D-A76A-86D8CA87C1B9}.Ad-Hoc|Any CPU.Deploy.0 = Release|Any CPU
		{C128FE8B-6B7A-419D-A76A-86D8CA87C1B9}.Ad-Hoc|ARM.ActiveCfg = Release|ARM
		{C128FE8B-6B7A-419D-A76A-86D8CA87C1B9}.Ad-Hoc|ARM.Build.0 = Release|ARM
		{C128FE8B-6B7A-419D-A76A-86D8CA87C1B9}.Ad-Hoc|ARM.Deploy.0 = Release|ARM
		{C128FE8B-6B7A-419D-A76A-86D8CA87C1B9}.Ad-Hoc|iPhone.ActiveCfg = Release|Any CPU
		{C128FE8B-6B7A-419D-A76A-86D8CA87C1B9}.Ad-Hoc|iPhone.Build.0 = Release|Any CPU
		{C128FE8B-6B7A-419D-A76A-86D8CA87C1B9}.Ad-Hoc|iPhone.Deploy.0 = Release|Any CPU
		{C128FE8B-6B7A-419D-A76A-86D8CA87C1B9}.Ad-Hoc|iPhoneSimulator.ActiveCfg = Release|Any CPU
		{C128FE8B-6B7A-419D-A76A-86D8CA87C1B9}.Ad-Hoc|iPhoneSimulator.Build.0 = Release|Any CPU
		{C128FE8B-6B7A-419D-A76A-86D8CA87C1B9}.Ad-Hoc|iPhoneSimulator.Deploy.0 = Release|Any CPU
		{C128FE8B-6B7A-419D-A76A-86D8CA87C1B9}.Ad-Hoc|x64.ActiveCfg = Release|Any CPU
		{C128FE8B-6B7A-419D-A76A-86D8CA87C1B9}.Ad-Hoc|x64.Build.0 = Release|Any CPU
		{C128FE8B-6B7A-419D-A76A-86D8CA87C1B9}.Ad-Hoc|x64.Deploy.0 = Release|Any CPU
		{C128FE8B-6B7A-419D-A76A-86D8CA87C1B9}.Ad-Hoc|x86.ActiveCfg = Release|x86
		{C128FE8B-6B7A-419D-A76A-86D8CA87C1B9}.Ad-Hoc|x86.Build.0 = Release|x86
		{C128FE8B-6B7A-419D-A76A-86D8CA87C1B9}.Ad-Hoc|x86.Deploy.0 = Release|x86
		{C128FE8B-6B7A-419D-A76A-86D8CA87C1B9}.AppStore|Any CPU.ActiveCfg = Release|Any CPU
		{C128FE8B-6B7A-419D-A76A-86D8CA87C1B9}.AppStore|Any CPU.Build.0 = Release|Any CPU
		{C128FE8B-6B7A-419D-A76A-86D8CA87C1B9}.AppStore|Any CPU.Deploy.0 = Release|Any CPU
		{C128FE8B-6B7A-419D-A76A-86D8CA87C1B9}.AppStore|ARM.ActiveCfg = Release|ARM
		{C128FE8B-6B7A-419D-A76A-86D8CA87C1B9}.AppStore|ARM.Build.0 = Release|ARM
		{C128FE8B-6B7A-419D-A76A-86D8CA87C1B9}.AppStore|ARM.Deploy.0 = Release|ARM
		{C128FE8B-6B7A-419D-A76A-86D8CA87C1B9}.AppStore|iPhone.ActiveCfg = Release|Any CPU
		{C128FE8B-6B7A-419D-A76A-86D8CA87C1B9}.AppStore|iPhone.Build.0 = Release|Any CPU
		{C128FE8B-6B7A-419D-A76A-86D8CA87C1B9}.AppStore|iPhone.Deploy.0 = Release|Any CPU
		{C128FE8B-6B7A-419D-A76A-86D8CA87C1B9}.AppStore|iPhoneSimulator.ActiveCfg = Release|Any CPU
		{C128FE8B-6B7A-419D-A76A-86D8CA87C1B9}.AppStore|iPhoneSimulator.Build.0 = Release|Any CPU
		{C128FE8B-6B7A-419D-A76A-86D8CA87C1B9}.AppStore|iPhoneSimulator.Deploy.0 = Release|Any CPU
		{C128FE8B-6B7A-419D-A76A-86D8CA87C1B9}.AppStore|x64.ActiveCfg = Release|Any CPU
		{C128FE8B-6B7A-419D-A76A-86D8CA87C1B9}.AppStore|x64.Build.0 = Release|Any CPU
		{C128FE8B-6B7A-419D-A76A-86D8CA87C1B9}.AppStore|x64.Deploy.0 = Release|Any CPU
		{C128FE8B-6B7A-419D-A76A-86D8CA87C1B9}.AppStore|x86.ActiveCfg = Release|x86
		{C128FE8B-6B7A-419D-A76A-86D8CA87C1B9}.AppStore|x86.Build.0 = Release|x86
		{C128FE8B-6B7A-419D-A76A-86D8CA87C1B9}.AppStore|x86.Deploy.0 = Release|x86
		{C128FE8B-6B7A-419D-A76A-86D8CA87C1B9}.Debug|Any CPU.ActiveCfg = Debug|Any CPU
		{C128FE8B-6B7A-419D-A76A-86D8CA87C1B9}.Debug|Any CPU.Build.0 = Debug|Any CPU
		{C128FE8B-6B7A-419D-A76A-86D8CA87C1B9}.Debug|Any CPU.Deploy.0 = Debug|Any CPU
		{C128FE8B-6B7A-419D-A76A-86D8CA87C1B9}.Debug|ARM.ActiveCfg = Debug|ARM
		{C128FE8B-6B7A-419D-A76A-86D8CA87C1B9}.Debug|ARM.Build.0 = Debug|ARM
		{C128FE8B-6B7A-419D-A76A-86D8CA87C1B9}.Debug|ARM.Deploy.0 = Debug|ARM
		{C128FE8B-6B7A-419D-A76A-86D8CA87C1B9}.Debug|iPhone.ActiveCfg = Debug|Any CPU
		{C128FE8B-6B7A-419D-A76A-86D8CA87C1B9}.Debug|iPhone.Build.0 = Debug|Any CPU
		{C128FE8B-6B7A-419D-A76A-86D8CA87C1B9}.Debug|iPhone.Deploy.0 = Debug|Any CPU
		{C128FE8B-6B7A-419D-A76A-86D8CA87C1B9}.Debug|iPhoneSimulator.ActiveCfg = Debug|Any CPU
		{C128FE8B-6B7A-419D-A76A-86D8CA87C1B9}.Debug|iPhoneSimulator.Build.0 = Debug|Any CPU
		{C128FE8B-6B7A-419D-A76A-86D8CA87C1B9}.Debug|iPhoneSimulator.Deploy.0 = Debug|Any CPU
		{C128FE8B-6B7A-419D-A76A-86D8CA87C1B9}.Debug|x64.ActiveCfg = Debug|Any CPU
		{C128FE8B-6B7A-419D-A76A-86D8CA87C1B9}.Debug|x64.Build.0 = Debug|Any CPU
		{C128FE8B-6B7A-419D-A76A-86D8CA87C1B9}.Debug|x64.Deploy.0 = Debug|Any CPU
		{C128FE8B-6B7A-419D-A76A-86D8CA87C1B9}.Debug|x86.ActiveCfg = Debug|x86
		{C128FE8B-6B7A-419D-A76A-86D8CA87C1B9}.Debug|x86.Build.0 = Debug|x86
		{C128FE8B-6B7A-419D-A76A-86D8CA87C1B9}.Debug|x86.Deploy.0 = Debug|x86
		{C128FE8B-6B7A-419D-A76A-86D8CA87C1B9}.Release|Any CPU.ActiveCfg = Release|Any CPU
		{C128FE8B-6B7A-419D-A76A-86D8CA87C1B9}.Release|Any CPU.Build.0 = Release|Any CPU
		{C128FE8B-6B7A-419D-A76A-86D8CA87C1B9}.Release|Any CPU.Deploy.0 = Release|Any CPU
		{C128FE8B-6B7A-419D-A76A-86D8CA87C1B9}.Release|ARM.ActiveCfg = Release|ARM
		{C128FE8B-6B7A-419D-A76A-86D8CA87C1B9}.Release|ARM.Build.0 = Release|ARM
		{C128FE8B-6B7A-419D-A76A-86D8CA87C1B9}.Release|ARM.Deploy.0 = Release|ARM
		{C128FE8B-6B7A-419D-A76A-86D8CA87C1B9}.Release|iPhone.ActiveCfg = Release|Any CPU
		{C128FE8B-6B7A-419D-A76A-86D8CA87C1B9}.Release|iPhone.Build.0 = Release|Any CPU
		{C128FE8B-6B7A-419D-A76A-86D8CA87C1B9}.Release|iPhone.Deploy.0 = Release|Any CPU
		{C128FE8B-6B7A-419D-A76A-86D8CA87C1B9}.Release|iPhoneSimulator.ActiveCfg = Release|Any CPU
		{C128FE8B-6B7A-419D-A76A-86D8CA87C1B9}.Release|iPhoneSimulator.Build.0 = Release|Any CPU
		{C128FE8B-6B7A-419D-A76A-86D8CA87C1B9}.Release|iPhoneSimulator.Deploy.0 = Release|Any CPU
		{C128FE8B-6B7A-419D-A76A-86D8CA87C1B9}.Release|x64.ActiveCfg = Release|Any CPU
		{C128FE8B-6B7A-419D-A76A-86D8CA87C1B9}.Release|x64.Build.0 = Release|Any CPU
		{C128FE8B-6B7A-419D-A76A-86D8CA87C1B9}.Release|x64.Deploy.0 = Release|Any CPU
		{C128FE8B-6B7A-419D-A76A-86D8CA87C1B9}.Release|x86.ActiveCfg = Release|x86
		{C128FE8B-6B7A-419D-A76A-86D8CA87C1B9}.Release|x86.Build.0 = Release|x86
		{C128FE8B-6B7A-419D-A76A-86D8CA87C1B9}.Release|x86.Deploy.0 = Release|x86
		{AFA99B90-4DE5-41E9-A9C9-B5FBBA913494}.Ad-Hoc|Any CPU.ActiveCfg = Release|Any CPU
		{AFA99B90-4DE5-41E9-A9C9-B5FBBA913494}.Ad-Hoc|Any CPU.Build.0 = Release|Any CPU
		{AFA99B90-4DE5-41E9-A9C9-B5FBBA913494}.Ad-Hoc|Any CPU.Deploy.0 = Release|Any CPU
		{AFA99B90-4DE5-41E9-A9C9-B5FBBA913494}.Ad-Hoc|ARM.ActiveCfg = Release|ARM
		{AFA99B90-4DE5-41E9-A9C9-B5FBBA913494}.Ad-Hoc|ARM.Build.0 = Release|ARM
		{AFA99B90-4DE5-41E9-A9C9-B5FBBA913494}.Ad-Hoc|ARM.Deploy.0 = Release|ARM
		{AFA99B90-4DE5-41E9-A9C9-B5FBBA913494}.Ad-Hoc|iPhone.ActiveCfg = Release|Any CPU
		{AFA99B90-4DE5-41E9-A9C9-B5FBBA913494}.Ad-Hoc|iPhone.Build.0 = Release|Any CPU
		{AFA99B90-4DE5-41E9-A9C9-B5FBBA913494}.Ad-Hoc|iPhone.Deploy.0 = Release|Any CPU
		{AFA99B90-4DE5-41E9-A9C9-B5FBBA913494}.Ad-Hoc|iPhoneSimulator.ActiveCfg = Release|Any CPU
		{AFA99B90-4DE5-41E9-A9C9-B5FBBA913494}.Ad-Hoc|iPhoneSimulator.Build.0 = Release|Any CPU
		{AFA99B90-4DE5-41E9-A9C9-B5FBBA913494}.Ad-Hoc|iPhoneSimulator.Deploy.0 = Release|Any CPU
		{AFA99B90-4DE5-41E9-A9C9-B5FBBA913494}.Ad-Hoc|x64.ActiveCfg = Release|x64
		{AFA99B90-4DE5-41E9-A9C9-B5FBBA913494}.Ad-Hoc|x64.Build.0 = Release|x64
		{AFA99B90-4DE5-41E9-A9C9-B5FBBA913494}.Ad-Hoc|x64.Deploy.0 = Release|x64
		{AFA99B90-4DE5-41E9-A9C9-B5FBBA913494}.Ad-Hoc|x86.ActiveCfg = Release|x86
		{AFA99B90-4DE5-41E9-A9C9-B5FBBA913494}.Ad-Hoc|x86.Build.0 = Release|x86
		{AFA99B90-4DE5-41E9-A9C9-B5FBBA913494}.Ad-Hoc|x86.Deploy.0 = Release|x86
		{AFA99B90-4DE5-41E9-A9C9-B5FBBA913494}.AppStore|Any CPU.ActiveCfg = Release|Any CPU
		{AFA99B90-4DE5-41E9-A9C9-B5FBBA913494}.AppStore|Any CPU.Build.0 = Release|Any CPU
		{AFA99B90-4DE5-41E9-A9C9-B5FBBA913494}.AppStore|Any CPU.Deploy.0 = Release|Any CPU
		{AFA99B90-4DE5-41E9-A9C9-B5FBBA913494}.AppStore|ARM.ActiveCfg = Release|ARM
		{AFA99B90-4DE5-41E9-A9C9-B5FBBA913494}.AppStore|ARM.Build.0 = Release|ARM
		{AFA99B90-4DE5-41E9-A9C9-B5FBBA913494}.AppStore|ARM.Deploy.0 = Release|ARM
		{AFA99B90-4DE5-41E9-A9C9-B5FBBA913494}.AppStore|iPhone.ActiveCfg = Release|Any CPU
		{AFA99B90-4DE5-41E9-A9C9-B5FBBA913494}.AppStore|iPhone.Build.0 = Release|Any CPU
		{AFA99B90-4DE5-41E9-A9C9-B5FBBA913494}.AppStore|iPhone.Deploy.0 = Release|Any CPU
		{AFA99B90-4DE5-41E9-A9C9-B5FBBA913494}.AppStore|iPhoneSimulator.ActiveCfg = Release|Any CPU
		{AFA99B90-4DE5-41E9-A9C9-B5FBBA913494}.AppStore|iPhoneSimulator.Build.0 = Release|Any CPU
		{AFA99B90-4DE5-41E9-A9C9-B5FBBA913494}.AppStore|iPhoneSimulator.Deploy.0 = Release|Any CPU
		{AFA99B90-4DE5-41E9-A9C9-B5FBBA913494}.AppStore|x64.ActiveCfg = Release|x64
		{AFA99B90-4DE5-41E9-A9C9-B5FBBA913494}.AppStore|x64.Build.0 = Release|x64
		{AFA99B90-4DE5-41E9-A9C9-B5FBBA913494}.AppStore|x64.Deploy.0 = Release|x64
		{AFA99B90-4DE5-41E9-A9C9-B5FBBA913494}.AppStore|x86.ActiveCfg = Release|x86
		{AFA99B90-4DE5-41E9-A9C9-B5FBBA913494}.AppStore|x86.Build.0 = Release|x86
		{AFA99B90-4DE5-41E9-A9C9-B5FBBA913494}.AppStore|x86.Deploy.0 = Release|x86
		{AFA99B90-4DE5-41E9-A9C9-B5FBBA913494}.Debug|Any CPU.ActiveCfg = Debug|Any CPU
		{AFA99B90-4DE5-41E9-A9C9-B5FBBA913494}.Debug|Any CPU.Build.0 = Debug|Any CPU
		{AFA99B90-4DE5-41E9-A9C9-B5FBBA913494}.Debug|Any CPU.Deploy.0 = Debug|Any CPU
		{AFA99B90-4DE5-41E9-A9C9-B5FBBA913494}.Debug|ARM.ActiveCfg = Debug|ARM
		{AFA99B90-4DE5-41E9-A9C9-B5FBBA913494}.Debug|ARM.Build.0 = Debug|ARM
		{AFA99B90-4DE5-41E9-A9C9-B5FBBA913494}.Debug|ARM.Deploy.0 = Debug|ARM
		{AFA99B90-4DE5-41E9-A9C9-B5FBBA913494}.Debug|iPhone.ActiveCfg = Debug|Any CPU
		{AFA99B90-4DE5-41E9-A9C9-B5FBBA913494}.Debug|iPhone.Build.0 = Debug|Any CPU
		{AFA99B90-4DE5-41E9-A9C9-B5FBBA913494}.Debug|iPhone.Deploy.0 = Debug|Any CPU
		{AFA99B90-4DE5-41E9-A9C9-B5FBBA913494}.Debug|iPhoneSimulator.ActiveCfg = Debug|Any CPU
		{AFA99B90-4DE5-41E9-A9C9-B5FBBA913494}.Debug|iPhoneSimulator.Build.0 = Debug|Any CPU
		{AFA99B90-4DE5-41E9-A9C9-B5FBBA913494}.Debug|iPhoneSimulator.Deploy.0 = Debug|Any CPU
		{AFA99B90-4DE5-41E9-A9C9-B5FBBA913494}.Debug|x64.ActiveCfg = Debug|x64
		{AFA99B90-4DE5-41E9-A9C9-B5FBBA913494}.Debug|x64.Build.0 = Debug|x64
		{AFA99B90-4DE5-41E9-A9C9-B5FBBA913494}.Debug|x64.Deploy.0 = Debug|x64
		{AFA99B90-4DE5-41E9-A9C9-B5FBBA913494}.Debug|x86.ActiveCfg = Debug|x86
		{AFA99B90-4DE5-41E9-A9C9-B5FBBA913494}.Debug|x86.Build.0 = Debug|x86
		{AFA99B90-4DE5-41E9-A9C9-B5FBBA913494}.Debug|x86.Deploy.0 = Debug|x86
		{AFA99B90-4DE5-41E9-A9C9-B5FBBA913494}.Release|Any CPU.ActiveCfg = Release|Any CPU
		{AFA99B90-4DE5-41E9-A9C9-B5FBBA913494}.Release|Any CPU.Build.0 = Release|Any CPU
		{AFA99B90-4DE5-41E9-A9C9-B5FBBA913494}.Release|Any CPU.Deploy.0 = Release|Any CPU
		{AFA99B90-4DE5-41E9-A9C9-B5FBBA913494}.Release|ARM.ActiveCfg = Release|ARM
		{AFA99B90-4DE5-41E9-A9C9-B5FBBA913494}.Release|ARM.Build.0 = Release|ARM
		{AFA99B90-4DE5-41E9-A9C9-B5FBBA913494}.Release|ARM.Deploy.0 = Release|ARM
		{AFA99B90-4DE5-41E9-A9C9-B5FBBA913494}.Release|iPhone.ActiveCfg = Release|Any CPU
		{AFA99B90-4DE5-41E9-A9C9-B5FBBA913494}.Release|iPhone.Build.0 = Release|Any CPU
		{AFA99B90-4DE5-41E9-A9C9-B5FBBA913494}.Release|iPhone.Deploy.0 = Release|Any CPU
		{AFA99B90-4DE5-41E9-A9C9-B5FBBA913494}.Release|iPhoneSimulator.ActiveCfg = Release|Any CPU
		{AFA99B90-4DE5-41E9-A9C9-B5FBBA913494}.Release|iPhoneSimulator.Build.0 = Release|Any CPU
		{AFA99B90-4DE5-41E9-A9C9-B5FBBA913494}.Release|iPhoneSimulator.Deploy.0 = Release|Any CPU
		{AFA99B90-4DE5-41E9-A9C9-B5FBBA913494}.Release|x64.ActiveCfg = Release|x64
		{AFA99B90-4DE5-41E9-A9C9-B5FBBA913494}.Release|x64.Build.0 = Release|x64
		{AFA99B90-4DE5-41E9-A9C9-B5FBBA913494}.Release|x64.Deploy.0 = Release|x64
		{AFA99B90-4DE5-41E9-A9C9-B5FBBA913494}.Release|x86.ActiveCfg = Release|x86
		{AFA99B90-4DE5-41E9-A9C9-B5FBBA913494}.Release|x86.Build.0 = Release|x86
		{AFA99B90-4DE5-41E9-A9C9-B5FBBA913494}.Release|x86.Deploy.0 = Release|x86
	EndGlobalSection
	GlobalSection(SolutionProperties) = preSolution
		HideSolutionNode = FALSE
	EndGlobalSection
EndGlobal
